
Microsoft Visual Studio Solution File, Format Version 12.00
# Visual Studio Version 16
VisualStudioVersion = 16.0.30717.126
MinimumVisualStudioVersion = 10.0.40219.1
Project("{FAE04EC0-301F-11D3-BF4B-00C04F79EFBC}") = "CameraReviews", "CameraReviews\CameraReviews.csproj", "{453AC2A3-8E04-4B9B-B688-DD74DDD6B091}"
EndProject
Project("{FAE04EC0-301F-11D3-BF4B-00C04F79EFBC}") = "CameraReviewsUnitTest", "CameraReviewsUnitTest\CameraReviewsUnitTest.csproj", "{32AA92C3-C116-4FD8-A1BE-BE5AD887B0EA}"
EndProject
Global
	GlobalSection(SolutionConfigurationPlatforms) = preSolution
		Debug|Any CPU = Debug|Any CPU
		Release|Any CPU = Release|Any CPU
	EndGlobalSection
	GlobalSection(ProjectConfigurationPlatforms) = postSolution
		{453AC2A3-8E04-4B9B-B688-DD74DDD6B091}.Debug|Any CPU.ActiveCfg = Debug|Any CPU
		{453AC2A3-8E04-4B9B-B688-DD74DDD6B091}.Debug|Any CPU.Build.0 = Debug|Any CPU
		{453AC2A3-8E04-4B9B-B688-DD74DDD6B091}.Release|Any CPU.ActiveCfg = Release|Any CPU
		{453AC2A3-8E04-4B9B-B688-DD74DDD6B091}.Release|Any CPU.Build.0 = Release|Any CPU
		{32AA92C3-C116-4FD8-A1BE-BE5AD887B0EA}.Debug|Any CPU.ActiveCfg = Debug|Any CPU
		{32AA92C3-C116-4FD8-A1BE-BE5AD887B0EA}.Debug|Any CPU.Build.0 = Debug|Any CPU
		{32AA92C3-C116-4FD8-A1BE-BE5AD887B0EA}.Release|Any CPU.ActiveCfg = Release|Any CPU
		{32AA92C3-C116-4FD8-A1BE-BE5AD887B0EA}.Release|Any CPU.Build.0 = Release|Any CPU
	EndGlobalSection
	GlobalSection(SolutionProperties) = preSolution
		HideSolutionNode = FALSE
	EndGlobalSection
	GlobalSection(ExtensibilityGlobals) = postSolution
		SolutionGuid = {963BE9ED-CD06-48AB-B157-4FE91DA33F3B}
	EndGlobalSection
EndGlobal
